{
  "name": "PPDoc",
  "lockfileVersion": 3,
  "requires": true,
  "packages": {
    "": {
      "dependencies": {
        "vue-super-flow": "^1.3.8"
      }
    },
    "node_modules/vue-super-flow": {
      "version": "1.3.8",
      "resolved": "https://registry.npmjs.org/vue-super-flow/-/vue-super-flow-1.3.8.tgz",
      "integrity": "sha512-UeySA0+vHN3N9mVJaC7kKOcTYojgomiPNhkSN/7N+ArCZYvzrCXkxIxYQpqxbI+aGhO90mULjBMmJyHIqhEEMg=="
    }
  }
}
